{
  "version": 4,
  "terraform_version": "0.15.1",
  "serial": 44,
  "lineage": "33520eb2-f72e-08b3-376e-8dbb713f439e",
  "outputs": {},
  "resources": [
    {
      "mode": "managed",
      "type": "azurerm_lb",
      "name": "user20-lb",
      "provider": "provider[\"registry.terraform.io/hashicorp/azurerm\"]",
      "instances": [
        {
          "schema_version": 0,
          "attributes": {
            "frontend_ip_configuration": [
              {
                "id": "/subscriptions/1c2a5318-fcca-42b7-a64e-18882c6ddbe9/resourceGroups/user20resourcegroup/providers/Microsoft.Network/loadBalancers/user20lb/frontendIPConfigurations/user20PublicIPAddress",
                "inbound_nat_rules": [
                  "/subscriptions/1c2a5318-fcca-42b7-a64e-18882c6ddbe9/resourceGroups/user20resourcegroup/providers/Microsoft.Network/loadBalancers/user20lb/inboundNatRules/ssh.1",
                  "/subscriptions/1c2a5318-fcca-42b7-a64e-18882c6ddbe9/resourceGroups/user20resourcegroup/providers/Microsoft.Network/loadBalancers/user20lb/inboundNatRules/ssh.2"
                ],
                "load_balancer_rules": [
                  "/subscriptions/1c2a5318-fcca-42b7-a64e-18882c6ddbe9/resourceGroups/user20resourcegroup/providers/Microsoft.Network/loadBalancers/user20lb/loadBalancingRules/http"
                ],
                "name": "user20PublicIPAddress",
                "outbound_rules": [],
                "private_ip_address": "",
                "private_ip_address_allocation": "Dynamic",
                "private_ip_address_version": "IPv4",
                "public_ip_address_id": "/subscriptions/1c2a5318-fcca-42b7-a64e-18882c6ddbe9/resourceGroups/user20resourcegroup/providers/Microsoft.Network/publicIPAddresses/mypublicIP",
                "public_ip_prefix_id": "",
                "subnet_id": "",
                "zones": []
              }
            ],
            "id": "/subscriptions/1c2a5318-fcca-42b7-a64e-18882c6ddbe9/resourceGroups/user20resourcegroup/providers/Microsoft.Network/loadBalancers/user20lb",
            "location": "koreacentral",
            "name": "user20lb",
            "private_ip_address": "",
            "private_ip_addresses": [],
            "resource_group_name": "user20resourcegroup",
            "sku": "Basic",
            "tags": {},
            "timeouts": null
          },
          "sensitive_attributes": [],
          "private": "eyJlMmJmYjczMC1lY2FhLTExZTYtOGY4OC0zNDM2M2JjN2M0YzAiOnsiY3JlYXRlIjoxODAwMDAwMDAwMDAwLCJkZWxldGUiOjE4MDAwMDAwMDAwMDAsInJlYWQiOjMwMDAwMDAwMDAwMCwidXBkYXRlIjoxODAwMDAwMDAwMDAwfX0=",
          "dependencies": [
            "azurerm_public_ip.user20-publicip",
            "azurerm_resource_group.user20-rg"
          ]
        }
      ]
    },
    {
      "mode": "managed",
      "type": "azurerm_lb",
      "name": "user200-lb",
      "provider": "provider[\"registry.terraform.io/hashicorp/azurerm\"]",
      "instances": [
        {
          "schema_version": 0,
          "attributes": {
            "frontend_ip_configuration": [
              {
                "id": "/subscriptions/1c2a5318-fcca-42b7-a64e-18882c6ddbe9/resourceGroups/user200resourcegroup/providers/Microsoft.Network/loadBalancers/user200lb/frontendIPConfigurations/user200PublicIPAddress",
                "inbound_nat_rules": [],
                "load_balancer_rules": [
                  "/subscriptions/1c2a5318-fcca-42b7-a64e-18882c6ddbe9/resourceGroups/user200resourcegroup/providers/Microsoft.Network/loadBalancers/user200lb/loadBalancingRules/http"
                ],
                "name": "user200PublicIPAddress",
                "outbound_rules": [],
                "private_ip_address": "",
                "private_ip_address_allocation": "Dynamic",
                "private_ip_address_version": "IPv4",
                "public_ip_address_id": "/subscriptions/1c2a5318-fcca-42b7-a64e-18882c6ddbe9/resourceGroups/user200resourcegroup/providers/Microsoft.Network/publicIPAddresses/mypublicIP",
                "public_ip_prefix_id": "",
                "subnet_id": "",
                "zones": []
              }
            ],
            "id": "/subscriptions/1c2a5318-fcca-42b7-a64e-18882c6ddbe9/resourceGroups/user200resourcegroup/providers/Microsoft.Network/loadBalancers/user200lb",
            "location": "koreacentral",
            "name": "user200lb",
            "private_ip_address": "",
            "private_ip_addresses": [],
            "resource_group_name": "user200resourcegroup",
            "sku": "Basic",
            "tags": {},
            "timeouts": null
          },
          "sensitive_attributes": [],
          "private": "eyJlMmJmYjczMC1lY2FhLTExZTYtOGY4OC0zNDM2M2JjN2M0YzAiOnsiY3JlYXRlIjoxODAwMDAwMDAwMDAwLCJkZWxldGUiOjE4MDAwMDAwMDAwMDAsInJlYWQiOjMwMDAwMDAwMDAwMCwidXBkYXRlIjoxODAwMDAwMDAwMDAwfX0=",
          "dependencies": [
            "azurerm_public_ip.user200-publicip",
            "azurerm_resource_group.user200-rg"
          ]
        }
      ]
    },
    {
      "mode": "managed",
      "type": "azurerm_lb_backend_address_pool",
      "name": "user20-bpepool",
      "provider": "provider[\"registry.terraform.io/hashicorp/azurerm\"]",
      "instances": [
        {
          "schema_version": 0,
          "attributes": {
            "backend_address": [],
            "backend_ip_configurations": [
              "/subscriptions/1c2a5318-fcca-42b7-a64e-18882c6ddbe9/resourceGroups/user20resourcegroup/providers/Microsoft.Compute/virtualMachineScaleSets/user20vmss/virtualMachines/1/networkInterfaces/terraformnetworkprofile/ipConfigurations/TestIPConfiguration",
              "/subscriptions/1c2a5318-fcca-42b7-a64e-18882c6ddbe9/resourceGroups/user20resourcegroup/providers/Microsoft.Compute/virtualMachineScaleSets/user20vmss/virtualMachines/2/networkInterfaces/terraformnetworkprofile/ipConfigurations/TestIPConfiguration"
            ],
            "id": "/subscriptions/1c2a5318-fcca-42b7-a64e-18882c6ddbe9/resourceGroups/user20resourcegroup/providers/Microsoft.Network/loadBalancers/user20lb/backendAddressPools/user20-BackEndAddressPool",
            "load_balancing_rules": [
              "/subscriptions/1c2a5318-fcca-42b7-a64e-18882c6ddbe9/resourceGroups/user20resourcegroup/providers/Microsoft.Network/loadBalancers/user20lb/loadBalancingRules/http"
            ],
            "loadbalancer_id": "/subscriptions/1c2a5318-fcca-42b7-a64e-18882c6ddbe9/resourceGroups/user20resourcegroup/providers/Microsoft.Network/loadBalancers/user20lb",
            "name": "user20-BackEndAddressPool",
            "outbound_rules": [],
            "resource_group_name": "user20resourcegroup",
            "timeouts": null
          },
          "sensitive_attributes": [],
          "private": "eyJlMmJmYjczMC1lY2FhLTExZTYtOGY4OC0zNDM2M2JjN2M0YzAiOnsiY3JlYXRlIjoxODAwMDAwMDAwMDAwLCJkZWxldGUiOjE4MDAwMDAwMDAwMDAsInJlYWQiOjMwMDAwMDAwMDAwMCwidXBkYXRlIjoxODAwMDAwMDAwMDAwfX0=",
          "dependencies": [
            "azurerm_lb.user20-lb",
            "azurerm_public_ip.user20-publicip",
            "azurerm_resource_group.user20-rg"
          ]
        }
      ]
    },
    {
      "mode": "managed",
      "type": "azurerm_lb_backend_address_pool",
      "name": "user200-bpepool",
      "provider": "provider[\"registry.terraform.io/hashicorp/azurerm\"]",
      "instances": [
        {
          "schema_version": 0,
          "attributes": {
            "backend_address": [],
            "backend_ip_configurations": [],
            "id": "/subscriptions/1c2a5318-fcca-42b7-a64e-18882c6ddbe9/resourceGroups/user200resourcegroup/providers/Microsoft.Network/loadBalancers/user200lb/backendAddressPools/user200-BackEndAddressPool",
            "load_balancing_rules": [
              "/subscriptions/1c2a5318-fcca-42b7-a64e-18882c6ddbe9/resourceGroups/user200resourcegroup/providers/Microsoft.Network/loadBalancers/user200lb/loadBalancingRules/http"
            ],
            "loadbalancer_id": "/subscriptions/1c2a5318-fcca-42b7-a64e-18882c6ddbe9/resourceGroups/user200resourcegroup/providers/Microsoft.Network/loadBalancers/user200lb",
            "name": "user200-BackEndAddressPool",
            "outbound_rules": [],
            "resource_group_name": "user200resourcegroup",
            "timeouts": null
          },
          "sensitive_attributes": [],
          "private": "eyJlMmJmYjczMC1lY2FhLTExZTYtOGY4OC0zNDM2M2JjN2M0YzAiOnsiY3JlYXRlIjoxODAwMDAwMDAwMDAwLCJkZWxldGUiOjE4MDAwMDAwMDAwMDAsInJlYWQiOjMwMDAwMDAwMDAwMCwidXBkYXRlIjoxODAwMDAwMDAwMDAwfX0=",
          "dependencies": [
            "azurerm_lb.user200-lb",
            "azurerm_public_ip.user200-publicip",
            "azurerm_resource_group.user200-rg"
          ]
        }
      ]
    },
    {
      "mode": "managed",
      "type": "azurerm_lb_nat_pool",
      "name": "lbnatpool",
      "provider": "provider[\"registry.terraform.io/hashicorp/azurerm\"]",
      "instances": [
        {
          "schema_version": 0,
          "attributes": {
            "backend_port": 22,
            "frontend_ip_configuration_id": "/subscriptions/1c2a5318-fcca-42b7-a64e-18882c6ddbe9/resourceGroups/user20resourcegroup/providers/Microsoft.Network/loadBalancers/user20lb/frontendIPConfigurations/user20PublicIPAddress",
            "frontend_ip_configuration_name": "user20PublicIPAddress",
            "frontend_port_end": 50119,
            "frontend_port_start": 50000,
            "id": "/subscriptions/1c2a5318-fcca-42b7-a64e-18882c6ddbe9/resourceGroups/user20resourcegroup/providers/Microsoft.Network/loadBalancers/user20lb/inboundNatPools/ssh",
            "loadbalancer_id": "/subscriptions/1c2a5318-fcca-42b7-a64e-18882c6ddbe9/resourceGroups/user20resourcegroup/providers/Microsoft.Network/loadBalancers/user20lb",
            "name": "ssh",
            "protocol": "Tcp",
            "resource_group_name": "user20resourcegroup",
            "timeouts": null
          },
          "sensitive_attributes": [],
          "private": "eyJlMmJmYjczMC1lY2FhLTExZTYtOGY4OC0zNDM2M2JjN2M0YzAiOnsiY3JlYXRlIjoxODAwMDAwMDAwMDAwLCJkZWxldGUiOjE4MDAwMDAwMDAwMDAsInJlYWQiOjMwMDAwMDAwMDAwMCwidXBkYXRlIjoxODAwMDAwMDAwMDAwfX0=",
          "dependencies": [
            "azurerm_lb.user20-lb",
            "azurerm_public_ip.user20-publicip",
            "azurerm_resource_group.user20-rg"
          ]
        }
      ]
    },
    {
      "mode": "managed",
      "type": "azurerm_lb_nat_pool",
      "name": "lbnatpool200",
      "provider": "provider[\"registry.terraform.io/hashicorp/azurerm\"]",
      "instances": [
        {
          "schema_version": 0,
          "attributes": {
            "backend_port": 22,
            "frontend_ip_configuration_id": "/subscriptions/1c2a5318-fcca-42b7-a64e-18882c6ddbe9/resourceGroups/user200resourcegroup/providers/Microsoft.Network/loadBalancers/user200lb/frontendIPConfigurations/user200PublicIPAddress",
            "frontend_ip_configuration_name": "user200PublicIPAddress",
            "frontend_port_end": 50119,
            "frontend_port_start": 50000,
            "id": "/subscriptions/1c2a5318-fcca-42b7-a64e-18882c6ddbe9/resourceGroups/user200resourcegroup/providers/Microsoft.Network/loadBalancers/user200lb/inboundNatPools/ssh",
            "loadbalancer_id": "/subscriptions/1c2a5318-fcca-42b7-a64e-18882c6ddbe9/resourceGroups/user200resourcegroup/providers/Microsoft.Network/loadBalancers/user200lb",
            "name": "ssh",
            "protocol": "Tcp",
            "resource_group_name": "user200resourcegroup",
            "timeouts": null
          },
          "sensitive_attributes": [],
          "private": "eyJlMmJmYjczMC1lY2FhLTExZTYtOGY4OC0zNDM2M2JjN2M0YzAiOnsiY3JlYXRlIjoxODAwMDAwMDAwMDAwLCJkZWxldGUiOjE4MDAwMDAwMDAwMDAsInJlYWQiOjMwMDAwMDAwMDAwMCwidXBkYXRlIjoxODAwMDAwMDAwMDAwfX0=",
          "dependencies": [
            "azurerm_lb.user200-lb",
            "azurerm_public_ip.user200-publicip",
            "azurerm_resource_group.user200-rg"
          ]
        }
      ]
    },
    {
      "mode": "managed",
      "type": "azurerm_lb_probe",
      "name": "user20-lb-probe",
      "provider": "provider[\"registry.terraform.io/hashicorp/azurerm\"]",
      "instances": [
        {
          "schema_version": 0,
          "attributes": {
            "id": "/subscriptions/1c2a5318-fcca-42b7-a64e-18882c6ddbe9/resourceGroups/user20resourcegroup/providers/Microsoft.Network/loadBalancers/user20lb/probes/http-probe",
            "interval_in_seconds": 15,
            "load_balancer_rules": [
              "/subscriptions/1c2a5318-fcca-42b7-a64e-18882c6ddbe9/resourceGroups/user20resourcegroup/providers/Microsoft.Network/loadBalancers/user20lb/loadBalancingRules/http"
            ],
            "loadbalancer_id": "/subscriptions/1c2a5318-fcca-42b7-a64e-18882c6ddbe9/resourceGroups/user20resourcegroup/providers/Microsoft.Network/loadBalancers/user20lb",
            "name": "http-probe",
            "number_of_probes": 2,
            "port": 80,
            "protocol": "Http",
            "request_path": "/",
            "resource_group_name": "user20resourcegroup",
            "timeouts": null
          },
          "sensitive_attributes": [],
          "private": "eyJlMmJmYjczMC1lY2FhLTExZTYtOGY4OC0zNDM2M2JjN2M0YzAiOnsiY3JlYXRlIjoxODAwMDAwMDAwMDAwLCJkZWxldGUiOjE4MDAwMDAwMDAwMDAsInJlYWQiOjMwMDAwMDAwMDAwMCwidXBkYXRlIjoxODAwMDAwMDAwMDAwfX0=",
          "dependencies": [
            "azurerm_lb.user20-lb",
            "azurerm_public_ip.user20-publicip",
            "azurerm_resource_group.user20-rg"
          ]
        }
      ]
    },
    {
      "mode": "managed",
      "type": "azurerm_lb_probe",
      "name": "user200-lb-probe",
      "provider": "provider[\"registry.terraform.io/hashicorp/azurerm\"]",
      "instances": [
        {
          "schema_version": 0,
          "attributes": {
            "id": "/subscriptions/1c2a5318-fcca-42b7-a64e-18882c6ddbe9/resourceGroups/user200resourcegroup/providers/Microsoft.Network/loadBalancers/user200lb/probes/http-probe",
            "interval_in_seconds": 15,
            "load_balancer_rules": [
              "/subscriptions/1c2a5318-fcca-42b7-a64e-18882c6ddbe9/resourceGroups/user200resourcegroup/providers/Microsoft.Network/loadBalancers/user200lb/loadBalancingRules/http"
            ],
            "loadbalancer_id": "/subscriptions/1c2a5318-fcca-42b7-a64e-18882c6ddbe9/resourceGroups/user200resourcegroup/providers/Microsoft.Network/loadBalancers/user200lb",
            "name": "http-probe",
            "number_of_probes": 2,
            "port": 80,
            "protocol": "Http",
            "request_path": "/",
            "resource_group_name": "user200resourcegroup",
            "timeouts": null
          },
          "sensitive_attributes": [],
          "private": "eyJlMmJmYjczMC1lY2FhLTExZTYtOGY4OC0zNDM2M2JjN2M0YzAiOnsiY3JlYXRlIjoxODAwMDAwMDAwMDAwLCJkZWxldGUiOjE4MDAwMDAwMDAwMDAsInJlYWQiOjMwMDAwMDAwMDAwMCwidXBkYXRlIjoxODAwMDAwMDAwMDAwfX0=",
          "dependencies": [
            "azurerm_resource_group.user200-rg",
            "azurerm_lb.user200-lb",
            "azurerm_public_ip.user200-publicip"
          ]
        }
      ]
    },
    {
      "mode": "managed",
      "type": "azurerm_lb_rule",
      "name": "lbrule",
      "provider": "provider[\"registry.terraform.io/hashicorp/azurerm\"]",
      "instances": [
        {
          "schema_version": 0,
          "attributes": {
            "backend_address_pool_id": "/subscriptions/1c2a5318-fcca-42b7-a64e-18882c6ddbe9/resourceGroups/user20resourcegroup/providers/Microsoft.Network/loadBalancers/user20lb/backendAddressPools/user20-BackEndAddressPool",
            "backend_port": 80,
            "disable_outbound_snat": false,
            "enable_floating_ip": false,
            "enable_tcp_reset": false,
            "frontend_ip_configuration_id": "/subscriptions/1c2a5318-fcca-42b7-a64e-18882c6ddbe9/resourceGroups/user20resourcegroup/providers/Microsoft.Network/loadBalancers/user20lb/frontendIPConfigurations/user20PublicIPAddress",
            "frontend_ip_configuration_name": "user20PublicIPAddress",
            "frontend_port": 80,
            "id": "/subscriptions/1c2a5318-fcca-42b7-a64e-18882c6ddbe9/resourceGroups/user20resourcegroup/providers/Microsoft.Network/loadBalancers/user20lb/loadBalancingRules/http",
            "idle_timeout_in_minutes": 4,
            "load_distribution": "Default",
            "loadbalancer_id": "/subscriptions/1c2a5318-fcca-42b7-a64e-18882c6ddbe9/resourceGroups/user20resourcegroup/providers/Microsoft.Network/loadBalancers/user20lb",
            "name": "http",
            "probe_id": "/subscriptions/1c2a5318-fcca-42b7-a64e-18882c6ddbe9/resourceGroups/user20resourcegroup/providers/Microsoft.Network/loadBalancers/user20lb/probes/http-probe",
            "protocol": "Tcp",
            "resource_group_name": "user20resourcegroup",
            "timeouts": null
          },
          "sensitive_attributes": [],
          "private": "eyJlMmJmYjczMC1lY2FhLTExZTYtOGY4OC0zNDM2M2JjN2M0YzAiOnsiY3JlYXRlIjoxODAwMDAwMDAwMDAwLCJkZWxldGUiOjE4MDAwMDAwMDAwMDAsInJlYWQiOjMwMDAwMDAwMDAwMCwidXBkYXRlIjoxODAwMDAwMDAwMDAwfX0=",
          "dependencies": [
            "azurerm_lb.user20-lb",
            "azurerm_lb_backend_address_pool.user20-bpepool",
            "azurerm_lb_probe.user20-lb-probe",
            "azurerm_public_ip.user20-publicip",
            "azurerm_resource_group.user20-rg"
          ]
        }
      ]
    },
    {
      "mode": "managed",
      "type": "azurerm_lb_rule",
      "name": "lbrule200",
      "provider": "provider[\"registry.terraform.io/hashicorp/azurerm\"]",
      "instances": [
        {
          "schema_version": 0,
          "attributes": {
            "backend_address_pool_id": "/subscriptions/1c2a5318-fcca-42b7-a64e-18882c6ddbe9/resourceGroups/user200resourcegroup/providers/Microsoft.Network/loadBalancers/user200lb/backendAddressPools/user200-BackEndAddressPool",
            "backend_port": 80,
            "disable_outbound_snat": false,
            "enable_floating_ip": false,
            "enable_tcp_reset": false,
            "frontend_ip_configuration_id": "/subscriptions/1c2a5318-fcca-42b7-a64e-18882c6ddbe9/resourceGroups/user200resourcegroup/providers/Microsoft.Network/loadBalancers/user200lb/frontendIPConfigurations/user200PublicIPAddress",
            "frontend_ip_configuration_name": "user200PublicIPAddress",
            "frontend_port": 80,
            "id": "/subscriptions/1c2a5318-fcca-42b7-a64e-18882c6ddbe9/resourceGroups/user200resourcegroup/providers/Microsoft.Network/loadBalancers/user200lb/loadBalancingRules/http",
            "idle_timeout_in_minutes": 4,
            "load_distribution": "Default",
            "loadbalancer_id": "/subscriptions/1c2a5318-fcca-42b7-a64e-18882c6ddbe9/resourceGroups/user200resourcegroup/providers/Microsoft.Network/loadBalancers/user200lb",
            "name": "http",
            "probe_id": "/subscriptions/1c2a5318-fcca-42b7-a64e-18882c6ddbe9/resourceGroups/user200resourcegroup/providers/Microsoft.Network/loadBalancers/user200lb/probes/http-probe",
            "protocol": "Tcp",
            "resource_group_name": "user200resourcegroup",
            "timeouts": null
          },
          "sensitive_attributes": [],
          "private": "eyJlMmJmYjczMC1lY2FhLTExZTYtOGY4OC0zNDM2M2JjN2M0YzAiOnsiY3JlYXRlIjoxODAwMDAwMDAwMDAwLCJkZWxldGUiOjE4MDAwMDAwMDAwMDAsInJlYWQiOjMwMDAwMDAwMDAwMCwidXBkYXRlIjoxODAwMDAwMDAwMDAwfX0=",
          "dependencies": [
            "azurerm_public_ip.user200-publicip",
            "azurerm_resource_group.user200-rg",
            "azurerm_lb.user200-lb",
            "azurerm_lb_backend_address_pool.user200-bpepool",
            "azurerm_lb_probe.user200-lb-probe"
          ]
        }
      ]
    },
    {
      "mode": "managed",
      "type": "azurerm_network_security_group",
      "name": "user200nsg",
      "provider": "provider[\"registry.terraform.io/hashicorp/azurerm\"]",
      "instances": [
        {
          "schema_version": 0,
          "attributes": {
            "id": "/subscriptions/1c2a5318-fcca-42b7-a64e-18882c6ddbe9/resourceGroups/user200resourcegroup/providers/Microsoft.Network/networkSecurityGroups/user200nsg",
            "location": "koreacentral",
            "name": "user200nsg",
            "resource_group_name": "user200resourcegroup",
            "security_rule": [
              {
                "access": "Allow",
                "description": "",
                "destination_address_prefix": "*",
                "destination_address_prefixes": [],
                "destination_application_security_group_ids": [],
                "destination_port_range": "22",
                "destination_port_ranges": [],
                "direction": "Inbound",
                "name": "SSH",
                "priority": 1001,
                "protocol": "Tcp",
                "source_address_prefix": "*",
                "source_address_prefixes": [],
                "source_application_security_group_ids": [],
                "source_port_range": "*",
                "source_port_ranges": []
              },
              {
                "access": "Allow",
                "description": "",
                "destination_address_prefix": "*",
                "destination_address_prefixes": [],
                "destination_application_security_group_ids": [],
                "destination_port_range": "80",
                "destination_port_ranges": [],
                "direction": "Inbound",
                "name": "HTTP",
                "priority": 2001,
                "protocol": "Tcp",
                "source_address_prefix": "*",
                "source_address_prefixes": [],
                "source_application_security_group_ids": [],
                "source_port_range": "*",
                "source_port_ranges": []
              }
            ],
            "tags": {
              "environment": "Terraform Demo"
            },
            "timeouts": null
          },
          "sensitive_attributes": [],
          "private": "eyJlMmJmYjczMC1lY2FhLTExZTYtOGY4OC0zNDM2M2JjN2M0YzAiOnsiY3JlYXRlIjoxODAwMDAwMDAwMDAwLCJkZWxldGUiOjE4MDAwMDAwMDAwMDAsInJlYWQiOjMwMDAwMDAwMDAwMCwidXBkYXRlIjoxODAwMDAwMDAwMDAwfX0=",
          "dependencies": [
            "azurerm_resource_group.user200-rg"
          ]
        }
      ]
    },
    {
      "mode": "managed",
      "type": "azurerm_network_security_group",
      "name": "user20nsg",
      "provider": "provider[\"registry.terraform.io/hashicorp/azurerm\"]",
      "instances": [
        {
          "schema_version": 0,
          "attributes": {
            "id": "/subscriptions/1c2a5318-fcca-42b7-a64e-18882c6ddbe9/resourceGroups/user20resourcegroup/providers/Microsoft.Network/networkSecurityGroups/user20nsg",
            "location": "koreacentral",
            "name": "user20nsg",
            "resource_group_name": "user20resourcegroup",
            "security_rule": [
              {
                "access": "Allow",
                "description": "",
                "destination_address_prefix": "*",
                "destination_address_prefixes": [],
                "destination_application_security_group_ids": [],
                "destination_port_range": "22",
                "destination_port_ranges": [],
                "direction": "Inbound",
                "name": "SSH",
                "priority": 1001,
                "protocol": "Tcp",
                "source_address_prefix": "*",
                "source_address_prefixes": [],
                "source_application_security_group_ids": [],
                "source_port_range": "*",
                "source_port_ranges": []
              },
              {
                "access": "Allow",
                "description": "",
                "destination_address_prefix": "*",
                "destination_address_prefixes": [],
                "destination_application_security_group_ids": [],
                "destination_port_range": "80",
                "destination_port_ranges": [],
                "direction": "Inbound",
                "name": "HTTP",
                "priority": 2001,
                "protocol": "Tcp",
                "source_address_prefix": "*",
                "source_address_prefixes": [],
                "source_application_security_group_ids": [],
                "source_port_range": "*",
                "source_port_ranges": []
              }
            ],
            "tags": {
              "environment": "Terraform Demo"
            },
            "timeouts": null
          },
          "sensitive_attributes": [],
          "private": "eyJlMmJmYjczMC1lY2FhLTExZTYtOGY4OC0zNDM2M2JjN2M0YzAiOnsiY3JlYXRlIjoxODAwMDAwMDAwMDAwLCJkZWxldGUiOjE4MDAwMDAwMDAwMDAsInJlYWQiOjMwMDAwMDAwMDAwMCwidXBkYXRlIjoxODAwMDAwMDAwMDAwfX0=",
          "dependencies": [
            "azurerm_resource_group.user20-rg"
          ]
        }
      ]
    },
    {
      "mode": "managed",
      "type": "azurerm_public_ip",
      "name": "user20-publicip",
      "provider": "provider[\"registry.terraform.io/hashicorp/azurerm\"]",
      "instances": [
        {
          "schema_version": 0,
          "attributes": {
            "allocation_method": "Static",
            "domain_name_label": "user20resourcegroup",
            "fqdn": "user20resourcegroup.koreacentral.cloudapp.azure.com",
            "id": "/subscriptions/1c2a5318-fcca-42b7-a64e-18882c6ddbe9/resourceGroups/user20resourcegroup/providers/Microsoft.Network/publicIPAddresses/mypublicIP",
            "idle_timeout_in_minutes": 4,
            "ip_address": "52.141.21.132",
            "ip_tags": {},
            "ip_version": "IPv4",
            "location": "koreacentral",
            "name": "mypublicIP",
            "public_ip_prefix_id": null,
            "resource_group_name": "user20resourcegroup",
            "reverse_fqdn": "",
            "sku": "Basic",
            "tags": {
              "environment": "staging"
            },
            "timeouts": null,
            "zones": []
          },
          "sensitive_attributes": [],
          "private": "eyJlMmJmYjczMC1lY2FhLTExZTYtOGY4OC0zNDM2M2JjN2M0YzAiOnsiY3JlYXRlIjoxODAwMDAwMDAwMDAwLCJkZWxldGUiOjE4MDAwMDAwMDAwMDAsInJlYWQiOjMwMDAwMDAwMDAwMCwidXBkYXRlIjoxODAwMDAwMDAwMDAwfX0=",
          "dependencies": [
            "azurerm_resource_group.user20-rg"
          ]
        }
      ]
    },
    {
      "mode": "managed",
      "type": "azurerm_public_ip",
      "name": "user200-publicip",
      "provider": "provider[\"registry.terraform.io/hashicorp/azurerm\"]",
      "instances": [
        {
          "schema_version": 0,
          "attributes": {
            "allocation_method": "Static",
            "domain_name_label": "user200resourcegroup",
            "fqdn": "user200resourcegroup.koreacentral.cloudapp.azure.com",
            "id": "/subscriptions/1c2a5318-fcca-42b7-a64e-18882c6ddbe9/resourceGroups/user200resourcegroup/providers/Microsoft.Network/publicIPAddresses/mypublicIP",
            "idle_timeout_in_minutes": 4,
            "ip_address": "52.141.0.252",
            "ip_tags": {},
            "ip_version": "IPv4",
            "location": "koreacentral",
            "name": "mypublicIP",
            "public_ip_prefix_id": null,
            "resource_group_name": "user200resourcegroup",
            "reverse_fqdn": "",
            "sku": "Basic",
            "tags": {
              "environment": "staging"
            },
            "timeouts": null,
            "zones": []
          },
          "sensitive_attributes": [],
          "private": "eyJlMmJmYjczMC1lY2FhLTExZTYtOGY4OC0zNDM2M2JjN2M0YzAiOnsiY3JlYXRlIjoxODAwMDAwMDAwMDAwLCJkZWxldGUiOjE4MDAwMDAwMDAwMDAsInJlYWQiOjMwMDAwMDAwMDAwMCwidXBkYXRlIjoxODAwMDAwMDAwMDAwfX0=",
          "dependencies": [
            "azurerm_resource_group.user200-rg"
          ]
        }
      ]
    },
    {
      "mode": "managed",
      "type": "azurerm_resource_group",
      "name": "user20-rg",
      "provider": "provider[\"registry.terraform.io/hashicorp/azurerm\"]",
      "instances": [
        {
          "schema_version": 0,
          "attributes": {
            "id": "/subscriptions/1c2a5318-fcca-42b7-a64e-18882c6ddbe9/resourceGroups/user20resourcegroup",
            "location": "koreacentral",
            "name": "user20resourcegroup",
            "tags": {
              "environment": "Terraform Demo"
            },
            "timeouts": null
          },
          "sensitive_attributes": [],
          "private": "eyJlMmJmYjczMC1lY2FhLTExZTYtOGY4OC0zNDM2M2JjN2M0YzAiOnsiY3JlYXRlIjo1NDAwMDAwMDAwMDAwLCJkZWxldGUiOjU0MDAwMDAwMDAwMDAsInJlYWQiOjMwMDAwMDAwMDAwMCwidXBkYXRlIjo1NDAwMDAwMDAwMDAwfX0="
        }
      ]
    },
    {
      "mode": "managed",
      "type": "azurerm_resource_group",
      "name": "user200-rg",
      "provider": "provider[\"registry.terraform.io/hashicorp/azurerm\"]",
      "instances": [
        {
          "schema_version": 0,
          "attributes": {
            "id": "/subscriptions/1c2a5318-fcca-42b7-a64e-18882c6ddbe9/resourceGroups/user200resourcegroup",
            "location": "koreacentral",
            "name": "user200resourcegroup",
            "tags": {
              "environment": "Terraform Demo"
            },
            "timeouts": null
          },
          "sensitive_attributes": [],
          "private": "eyJlMmJmYjczMC1lY2FhLTExZTYtOGY4OC0zNDM2M2JjN2M0YzAiOnsiY3JlYXRlIjo1NDAwMDAwMDAwMDAwLCJkZWxldGUiOjU0MDAwMDAwMDAwMDAsInJlYWQiOjMwMDAwMDAwMDAwMCwidXBkYXRlIjo1NDAwMDAwMDAwMDAwfX0="
        }
      ]
    },
    {
      "mode": "managed",
      "type": "azurerm_subnet",
      "name": "user20-subnet1",
      "provider": "provider[\"registry.terraform.io/hashicorp/azurerm\"]",
      "instances": [
        {
          "schema_version": 0,
          "attributes": {
            "address_prefix": "20.0.1.0/24",
            "address_prefixes": [
              "20.0.1.0/24"
            ],
            "delegation": [],
            "enforce_private_link_endpoint_network_policies": false,
            "enforce_private_link_service_network_policies": false,
            "id": "/subscriptions/1c2a5318-fcca-42b7-a64e-18882c6ddbe9/resourceGroups/user20resourcegroup/providers/Microsoft.Network/virtualNetworks/user20-myVnet/subnets/user20-mysubnet1",
            "name": "user20-mysubnet1",
            "resource_group_name": "user20resourcegroup",
            "service_endpoint_policy_ids": [],
            "service_endpoints": [],
            "timeouts": null,
            "virtual_network_name": "user20-myVnet"
          },
          "sensitive_attributes": [],
          "private": "eyJlMmJmYjczMC1lY2FhLTExZTYtOGY4OC0zNDM2M2JjN2M0YzAiOnsiY3JlYXRlIjoxODAwMDAwMDAwMDAwLCJkZWxldGUiOjE4MDAwMDAwMDAwMDAsInJlYWQiOjMwMDAwMDAwMDAwMCwidXBkYXRlIjoxODAwMDAwMDAwMDAwfX0=",
          "dependencies": [
            "azurerm_virtual_network.user20-vnet",
            "azurerm_resource_group.user20-rg"
          ]
        }
      ]
    },
    {
      "mode": "managed",
      "type": "azurerm_subnet",
      "name": "user200-subnet1",
      "provider": "provider[\"registry.terraform.io/hashicorp/azurerm\"]",
      "instances": [
        {
          "schema_version": 0,
          "attributes": {
            "address_prefix": "200.0.1.0/24",
            "address_prefixes": [
              "200.0.1.0/24"
            ],
            "delegation": [],
            "enforce_private_link_endpoint_network_policies": false,
            "enforce_private_link_service_network_policies": false,
            "id": "/subscriptions/1c2a5318-fcca-42b7-a64e-18882c6ddbe9/resourceGroups/user200resourcegroup/providers/Microsoft.Network/virtualNetworks/user200-myVnet/subnets/user200-mysubnet1",
            "name": "user200-mysubnet1",
            "resource_group_name": "user200resourcegroup",
            "service_endpoint_policy_ids": [],
            "service_endpoints": [],
            "timeouts": null,
            "virtual_network_name": "user200-myVnet"
          },
          "sensitive_attributes": [],
          "private": "eyJlMmJmYjczMC1lY2FhLTExZTYtOGY4OC0zNDM2M2JjN2M0YzAiOnsiY3JlYXRlIjoxODAwMDAwMDAwMDAwLCJkZWxldGUiOjE4MDAwMDAwMDAwMDAsInJlYWQiOjMwMDAwMDAwMDAwMCwidXBkYXRlIjoxODAwMDAwMDAwMDAwfX0=",
          "dependencies": [
            "azurerm_resource_group.user200-rg",
            "azurerm_virtual_network.user200-vnet"
          ]
        }
      ]
    },
    {
      "mode": "managed",
      "type": "azurerm_virtual_machine_scale_set",
      "name": "user200vmss",
      "provider": "provider[\"registry.terraform.io/hashicorp/azurerm\"]",
      "instances": [
        {
          "schema_version": 1,
          "attributes": {
            "automatic_os_upgrade": false,
            "boot_diagnostics": [],
            "eviction_policy": "",
            "extension": [],
            "health_probe_id": null,
            "id": "/subscriptions/1c2a5318-fcca-42b7-a64e-18882c6ddbe9/resourceGroups/user200resourcegroup/providers/Microsoft.Compute/virtualMachineScaleSets/user200vmss",
            "identity": [],
            "license_type": "",
            "location": "koreacentral",
            "name": "user200vmss",
            "network_profile": [
              {
                "accelerated_networking": null,
                "dns_settings": [],
                "ip_configuration": [
                  {
                    "application_gateway_backend_address_pool_ids": [],
                    "application_security_group_ids": [],
                    "load_balancer_backend_address_pool_ids": [
                      "/subscriptions/1c2a5318-fcca-42b7-a64e-18882c6ddbe9/resourceGroups/user200resourcegroup/providers/Microsoft.Network/loadBalancers/user200lb/backendAddressPools/user200-BackEndAddressPool"
                    ],
                    "load_balancer_inbound_nat_rules_ids": [
                      "/subscriptions/1c2a5318-fcca-42b7-a64e-18882c6ddbe9/resourceGroups/user200resourcegroup/providers/Microsoft.Network/loadBalancers/user200lb/inboundNatPools/ssh"
                    ],
                    "name": "TestIPConfiguration",
                    "primary": true,
                    "public_ip_address_configuration": [],
                    "subnet_id": "/subscriptions/1c2a5318-fcca-42b7-a64e-18882c6ddbe9/resourceGroups/user200resourcegroup/providers/Microsoft.Network/virtualNetworks/user200-myVnet/subnets/user200-mysubnet1"
                  }
                ],
                "ip_forwarding": false,
                "name": "terraformnetworkprofile",
                "network_security_group_id": "/subscriptions/1c2a5318-fcca-42b7-a64e-18882c6ddbe9/resourceGroups/user200resourcegroup/providers/Microsoft.Network/networkSecurityGroups/user200nsg",
                "primary": true
              }
            ],
            "os_profile": [
              {
                "admin_password": "",
                "admin_username": "hl3lfb",
                "computer_name_prefix": "testvm",
                "custom_data": "IyEvYmluL2Jhc2gKCihVYnVudHUg7Zi57J2AIENlbnRPUyDtlZzqsIDsp4Drp4wg7ISg7YOdLCDrgpjrqLjsp4DripQg7KO87ISd7LKY66asKQojVWJ1bnR1IOyCrOyaqe2VmOyLnOuKlCDqsr3smrAKYXB0LWdldCB1cGRhdGUgLXkKYXB0LWdldCBpbnN0YWxsIC15IGFwYWNoZTIKc2VydmljZSBhcGFjaGUyIHN0YXJ0CgojQ2VudE9TLCBSSEVMIOyCrOyaqe2VmOyLnOuKlCDqsr3smrAKI3l1bSB1cGRhdGUg4oCTeQojeXVtIGluc3RhbGwg4oCTeSBhcGFjaGUyCgplY2hvICI8aHRtbD4iID4gL3Zhci93d3cvaHRtbC9pbmRleC5odG1sICAgIyMg66as64uk7J2066CJ7IWYIOuwmOuTnOyLnCDtlZzqsJzroZwKZWNobyAiSGVsbG8gV29ybGQgZnJvbSAkKGhvc3RuYW1lIC1mKSIgPj4gL3Zhci93d3cvaHRtbC9pbmRleC5odG1sCmVjaG8gIjwvaHRtbD4iID4+IC92YXIvd3d3L2h0bWwvaW5kZXguaHRtbAo="
              }
            ],
            "os_profile_linux_config": [
              {
                "disable_password_authentication": true,
                "ssh_keys": [
                  {
                    "key_data": "ssh-rsa AAAAB3NzaC1yc2EAAAADAQABAAABAQDGK5OhR3PPqT+IS8sCNy9EzGpfLh5aUqvVQWQyL0oi6r2f4iFr06WQzMd1t1JgvzLJJF9kiVnBUbZygYFhAcGkLHJ9HR6dDsUsPAD2bCJEDlSzUIyGBA9F9nIAujqhk55nGvRi/3VIQYHjZRcKMUyNaUqNqoSxrnrtAjjR7HC5DsFJLHteuIjqTc5JlEjC45T+n0yM+TPnt4U3/jX7HYvjzjPMTy8WLarxpFX1+wq2ZUHSva8GRvJhl6DU9l9/MGw80yT66+oc/SuBaLsq6aemLx8ZNPIWy2pF06UMxqAIgm8LxahRFshXLCOhW7ndZs9vT/gHtLFd5HkZSq7dwRE1 root@user20vm\n",
                    "path": "/home/hl3lfb/.ssh/authorized_keys"
                  }
                ]
              }
            ],
            "os_profile_secrets": [],
            "os_profile_windows_config": [],
            "overprovision": true,
            "plan": [],
            "priority": "",
            "proximity_placement_group_id": null,
            "resource_group_name": "user200resourcegroup",
            "rolling_upgrade_policy": [],
            "single_placement_group": true,
            "sku": [
              {
                "capacity": 2,
                "name": "Standard_D2_v3",
                "tier": "Standard"
              }
            ],
            "storage_profile_data_disk": [
              {
                "caching": "ReadWrite",
                "create_option": "Empty",
                "disk_size_gb": 10,
                "lun": 0,
                "managed_disk_type": "Standard_LRS"
              }
            ],
            "storage_profile_image_reference": [
              {
                "id": "",
                "offer": "UbuntuServer",
                "publisher": "Canonical",
                "sku": "18.04-LTS",
                "version": "latest"
              }
            ],
            "storage_profile_os_disk": [
              {
                "caching": "ReadWrite",
                "create_option": "FromImage",
                "image": "",
                "managed_disk_type": "Standard_LRS",
                "name": "",
                "os_type": "",
                "vhd_containers": []
              }
            ],
            "tags": {
              "environment": "staging"
            },
            "timeouts": null,
            "upgrade_policy_mode": "Manual",
            "zones": null
          },
          "sensitive_attributes": [],
          "private": "eyJlMmJmYjczMC1lY2FhLTExZTYtOGY4OC0zNDM2M2JjN2M0YzAiOnsiY3JlYXRlIjozNjAwMDAwMDAwMDAwLCJkZWxldGUiOjM2MDAwMDAwMDAwMDAsInJlYWQiOjMwMDAwMDAwMDAwMCwidXBkYXRlIjozNjAwMDAwMDAwMDAwfSwic2NoZW1hX3ZlcnNpb24iOiIxIn0=",
          "dependencies": [
            "azurerm_lb_backend_address_pool.user200-bpepool",
            "azurerm_lb_nat_pool.lbnatpool200",
            "azurerm_network_security_group.user200nsg",
            "azurerm_resource_group.user200-rg",
            "azurerm_subnet.user200-subnet1"
          ]
        }
      ]
    },
    {
      "mode": "managed",
      "type": "azurerm_virtual_machine_scale_set",
      "name": "user20vmss",
      "provider": "provider[\"registry.terraform.io/hashicorp/azurerm\"]",
      "instances": [
        {
          "schema_version": 1,
          "attributes": {
            "automatic_os_upgrade": false,
            "boot_diagnostics": [],
            "eviction_policy": "",
            "extension": [],
            "health_probe_id": null,
            "id": "/subscriptions/1c2a5318-fcca-42b7-a64e-18882c6ddbe9/resourceGroups/user20resourcegroup/providers/Microsoft.Compute/virtualMachineScaleSets/user20vmss",
            "identity": [],
            "license_type": "",
            "location": "koreacentral",
            "name": "user20vmss",
            "network_profile": [
              {
                "accelerated_networking": false,
                "dns_settings": [
                  {
                    "dns_servers": []
                  }
                ],
                "ip_configuration": [
                  {
                    "application_gateway_backend_address_pool_ids": [],
                    "application_security_group_ids": [],
                    "load_balancer_backend_address_pool_ids": [
                      "/subscriptions/1c2a5318-fcca-42b7-a64e-18882c6ddbe9/resourceGroups/user20resourcegroup/providers/Microsoft.Network/loadBalancers/user20lb/backendAddressPools/user20-BackEndAddressPool"
                    ],
                    "load_balancer_inbound_nat_rules_ids": [
                      "/subscriptions/1c2a5318-fcca-42b7-a64e-18882c6ddbe9/resourceGroups/user20resourcegroup/providers/Microsoft.Network/loadBalancers/user20lb/inboundNatPools/ssh"
                    ],
                    "name": "TestIPConfiguration",
                    "primary": true,
                    "public_ip_address_configuration": [],
                    "subnet_id": "/subscriptions/1c2a5318-fcca-42b7-a64e-18882c6ddbe9/resourceGroups/user20resourcegroup/providers/Microsoft.Network/virtualNetworks/user20-myVnet/subnets/user20-mysubnet1"
                  }
                ],
                "ip_forwarding": false,
                "name": "terraformnetworkprofile",
                "network_security_group_id": "/subscriptions/1c2a5318-fcca-42b7-a64e-18882c6ddbe9/resourceGroups/user20resourcegroup/providers/Microsoft.Network/networkSecurityGroups/user20nsg",
                "primary": true
              }
            ],
            "os_profile": [
              {
                "admin_password": "",
                "admin_username": "hl3lfb",
                "computer_name_prefix": "testvm",
                "custom_data": "IyEvYmluL2Jhc2gKCihVYnVudHUg7Zi57J2AIENlbnRPUyDtlZzqsIDsp4Drp4wg7ISg7YOdLCDrgpjrqLjsp4DripQg7KO87ISd7LKY66asKQojVWJ1bnR1IOyCrOyaqe2VmOyLnOuKlCDqsr3smrAKYXB0LWdldCB1cGRhdGUgLXkKYXB0LWdldCBpbnN0YWxsIC15IGFwYWNoZTIKc2VydmljZSBhcGFjaGUyIHN0YXJ0CgojQ2VudE9TLCBSSEVMIOyCrOyaqe2VmOyLnOuKlCDqsr3smrAKI3l1bSB1cGRhdGUg4oCTeQojeXVtIGluc3RhbGwg4oCTeSBhcGFjaGUyCgplY2hvICI8aHRtbD4iID4gL3Zhci93d3cvaHRtbC9pbmRleC5odG1sICAgIyMg66as64uk7J2066CJ7IWYIOuwmOuTnOyLnCDtlZzqsJzroZwKZWNobyAiSGVsbG8gV29ybGQgZnJvbSAkKGhvc3RuYW1lIC1mKSIgPj4gL3Zhci93d3cvaHRtbC9pbmRleC5odG1sCmVjaG8gIjwvaHRtbD4iID4+IC92YXIvd3d3L2h0bWwvaW5kZXguaHRtbAo="
              }
            ],
            "os_profile_linux_config": [
              {
                "disable_password_authentication": true,
                "ssh_keys": [
                  {
                    "key_data": "ssh-rsa AAAAB3NzaC1yc2EAAAADAQABAAABAQDGK5OhR3PPqT+IS8sCNy9EzGpfLh5aUqvVQWQyL0oi6r2f4iFr06WQzMd1t1JgvzLJJF9kiVnBUbZygYFhAcGkLHJ9HR6dDsUsPAD2bCJEDlSzUIyGBA9F9nIAujqhk55nGvRi/3VIQYHjZRcKMUyNaUqNqoSxrnrtAjjR7HC5DsFJLHteuIjqTc5JlEjC45T+n0yM+TPnt4U3/jX7HYvjzjPMTy8WLarxpFX1+wq2ZUHSva8GRvJhl6DU9l9/MGw80yT66+oc/SuBaLsq6aemLx8ZNPIWy2pF06UMxqAIgm8LxahRFshXLCOhW7ndZs9vT/gHtLFd5HkZSq7dwRE1 root@user20vm\n",
                    "path": "/home/hl3lfb/.ssh/authorized_keys"
                  }
                ]
              }
            ],
            "os_profile_secrets": [],
            "os_profile_windows_config": [],
            "overprovision": true,
            "plan": [],
            "priority": "",
            "proximity_placement_group_id": null,
            "resource_group_name": "user20resourcegroup",
            "rolling_upgrade_policy": [],
            "single_placement_group": true,
            "sku": [
              {
                "capacity": 2,
                "name": "Standard_D2_v3",
                "tier": "Standard"
              }
            ],
            "storage_profile_data_disk": [
              {
                "caching": "ReadWrite",
                "create_option": "Empty",
                "disk_size_gb": 10,
                "lun": 0,
                "managed_disk_type": "Standard_LRS"
              }
            ],
            "storage_profile_image_reference": [
              {
                "id": "",
                "offer": "UbuntuServer",
                "publisher": "Canonical",
                "sku": "18.04-LTS",
                "version": "latest"
              }
            ],
            "storage_profile_os_disk": [
              {
                "caching": "ReadWrite",
                "create_option": "FromImage",
                "image": "",
                "managed_disk_type": "Standard_LRS",
                "name": "",
                "os_type": "Linux",
                "vhd_containers": []
              }
            ],
            "tags": {
              "environment": "staging"
            },
            "timeouts": null,
            "upgrade_policy_mode": "Manual",
            "zones": []
          },
          "sensitive_attributes": [],
          "private": "eyJlMmJmYjczMC1lY2FhLTExZTYtOGY4OC0zNDM2M2JjN2M0YzAiOnsiY3JlYXRlIjozNjAwMDAwMDAwMDAwLCJkZWxldGUiOjM2MDAwMDAwMDAwMDAsInJlYWQiOjMwMDAwMDAwMDAwMCwidXBkYXRlIjozNjAwMDAwMDAwMDAwfSwic2NoZW1hX3ZlcnNpb24iOiIxIn0=",
          "dependencies": [
            "azurerm_virtual_network.user20-vnet",
            "azurerm_lb.user20-lb",
            "azurerm_lb_backend_address_pool.user20-bpepool",
            "azurerm_lb_nat_pool.lbnatpool",
            "azurerm_network_security_group.user20nsg",
            "azurerm_public_ip.user20-publicip",
            "azurerm_resource_group.user20-rg",
            "azurerm_subnet.user20-subnet1"
          ]
        }
      ]
    },
    {
      "mode": "managed",
      "type": "azurerm_virtual_network",
      "name": "user20-vnet",
      "provider": "provider[\"registry.terraform.io/hashicorp/azurerm\"]",
      "instances": [
        {
          "schema_version": 0,
          "attributes": {
            "address_space": [
              "20.0.0.0/16"
            ],
            "bgp_community": "",
            "ddos_protection_plan": [],
            "dns_servers": [],
            "guid": "a504b0f0-7c1e-46a0-8964-f682d275ea0f",
            "id": "/subscriptions/1c2a5318-fcca-42b7-a64e-18882c6ddbe9/resourceGroups/user20resourcegroup/providers/Microsoft.Network/virtualNetworks/user20-myVnet",
            "location": "koreacentral",
            "name": "user20-myVnet",
            "resource_group_name": "user20resourcegroup",
            "subnet": [
              {
                "address_prefix": "20.0.1.0/24",
                "id": "/subscriptions/1c2a5318-fcca-42b7-a64e-18882c6ddbe9/resourceGroups/user20resourcegroup/providers/Microsoft.Network/virtualNetworks/user20-myVnet/subnets/user20-mysubnet1",
                "name": "user20-mysubnet1",
                "security_group": ""
              }
            ],
            "tags": {},
            "timeouts": null,
            "vm_protection_enabled": false
          },
          "sensitive_attributes": [],
          "private": "eyJlMmJmYjczMC1lY2FhLTExZTYtOGY4OC0zNDM2M2JjN2M0YzAiOnsiY3JlYXRlIjoxODAwMDAwMDAwMDAwLCJkZWxldGUiOjE4MDAwMDAwMDAwMDAsInJlYWQiOjMwMDAwMDAwMDAwMCwidXBkYXRlIjoxODAwMDAwMDAwMDAwfX0=",
          "dependencies": [
            "azurerm_resource_group.user20-rg"
          ]
        }
      ]
    },
    {
      "mode": "managed",
      "type": "azurerm_virtual_network",
      "name": "user200-vnet",
      "provider": "provider[\"registry.terraform.io/hashicorp/azurerm\"]",
      "instances": [
        {
          "schema_version": 0,
          "attributes": {
            "address_space": [
              "200.0.0.0/16"
            ],
            "bgp_community": "",
            "ddos_protection_plan": [],
            "dns_servers": [],
            "guid": "80f57bcd-82de-4a48-a302-9ad71edb875d",
            "id": "/subscriptions/1c2a5318-fcca-42b7-a64e-18882c6ddbe9/resourceGroups/user200resourcegroup/providers/Microsoft.Network/virtualNetworks/user200-myVnet",
            "location": "koreacentral",
            "name": "user200-myVnet",
            "resource_group_name": "user200resourcegroup",
            "subnet": [
              {
                "address_prefix": "200.0.1.0/24",
                "id": "/subscriptions/1c2a5318-fcca-42b7-a64e-18882c6ddbe9/resourceGroups/user200resourcegroup/providers/Microsoft.Network/virtualNetworks/user200-myVnet/subnets/user200-mysubnet1",
                "name": "user200-mysubnet1",
                "security_group": ""
              }
            ],
            "tags": {},
            "timeouts": null,
            "vm_protection_enabled": false
          },
          "sensitive_attributes": [],
          "private": "eyJlMmJmYjczMC1lY2FhLTExZTYtOGY4OC0zNDM2M2JjN2M0YzAiOnsiY3JlYXRlIjoxODAwMDAwMDAwMDAwLCJkZWxldGUiOjE4MDAwMDAwMDAwMDAsInJlYWQiOjMwMDAwMDAwMDAwMCwidXBkYXRlIjoxODAwMDAwMDAwMDAwfX0=",
          "dependencies": [
            "azurerm_resource_group.user200-rg"
          ]
        }
      ]
    }
  ]
}
